
Microsoft Visual Studio Solution File, Format Version 12.00
# Visual Studio Version 16
VisualStudioVersion = 16.0.30114.105
MinimumVisualStudioVersion = 10.0.40219.1
Project("{2150E333-8FDC-42A3-9474-1A3956D46DE8}") = "src", "src", "{8C2DE562-249D-4BF2-8D2C-132749238EDF}"
EndProject
Project("{FAE04EC0-301F-11D3-BF4B-00C04F79EFBC}") = "SimpleAPI", "src\SimpleAPI\SimpleAPI.csproj", "{0AC80632-22D8-46CA-AEF8-8E12C2275930}"
EndProject
Project("{2150E333-8FDC-42A3-9474-1A3956D46DE8}") = "test", "test", "{328ACBE1-EB7E-4BD3-A8DA-6D00FF1FD036}"
EndProject
Project("{FAE04EC0-301F-11D3-BF4B-00C04F79EFBC}") = "SimpleAPI.Test", "test\SimpleAPI.Test\SimpleAPI.Test.csproj", "{C9B3C3AF-EFB6-425A-8543-ED062C9B04F2}"
EndProject
Global
	GlobalSection(SolutionConfigurationPlatforms) = preSolution
		Debug|Any CPU = Debug|Any CPU
		Debug|x64 = Debug|x64
		Debug|x86 = Debug|x86
		Release|Any CPU = Release|Any CPU
		Release|x64 = Release|x64
		Release|x86 = Release|x86
	EndGlobalSection
	GlobalSection(SolutionProperties) = preSolution
		HideSolutionNode = FALSE
	EndGlobalSection
	GlobalSection(ProjectConfigurationPlatforms) = postSolution
		{0AC80632-22D8-46CA-AEF8-8E12C2275930}.Debug|Any CPU.ActiveCfg = Debug|Any CPU
		{0AC80632-22D8-46CA-AEF8-8E12C2275930}.Debug|Any CPU.Build.0 = Debug|Any CPU
		{0AC80632-22D8-46CA-AEF8-8E12C2275930}.Debug|x64.ActiveCfg = Debug|Any CPU
		{0AC80632-22D8-46CA-AEF8-8E12C2275930}.Debug|x64.Build.0 = Debug|Any CPU
		{0AC80632-22D8-46CA-AEF8-8E12C2275930}.Debug|x86.ActiveCfg = Debug|Any CPU
		{0AC80632-22D8-46CA-AEF8-8E12C2275930}.Debug|x86.Build.0 = Debug|Any CPU
		{0AC80632-22D8-46CA-AEF8-8E12C2275930}.Release|Any CPU.ActiveCfg = Release|Any CPU
		{0AC80632-22D8-46CA-AEF8-8E12C2275930}.Release|Any CPU.Build.0 = Release|Any CPU
		{0AC80632-22D8-46CA-AEF8-8E12C2275930}.Release|x64.ActiveCfg = Release|Any CPU
		{0AC80632-22D8-46CA-AEF8-8E12C2275930}.Release|x64.Build.0 = Release|Any CPU
		{0AC80632-22D8-46CA-AEF8-8E12C2275930}.Release|x86.ActiveCfg = Release|Any CPU
		{0AC80632-22D8-46CA-AEF8-8E12C2275930}.Release|x86.Build.0 = Release|Any CPU
		{C9B3C3AF-EFB6-425A-8543-ED062C9B04F2}.Debug|Any CPU.ActiveCfg = Debug|Any CPU
		{C9B3C3AF-EFB6-425A-8543-ED062C9B04F2}.Debug|Any CPU.Build.0 = Debug|Any CPU
		{C9B3C3AF-EFB6-425A-8543-ED062C9B04F2}.Debug|x64.ActiveCfg = Debug|Any CPU
		{C9B3C3AF-EFB6-425A-8543-ED062C9B04F2}.Debug|x64.Build.0 = Debug|Any CPU
		{C9B3C3AF-EFB6-425A-8543-ED062C9B04F2}.Debug|x86.ActiveCfg = Debug|Any CPU
		{C9B3C3AF-EFB6-425A-8543-ED062C9B04F2}.Debug|x86.Build.0 = Debug|Any CPU
		{C9B3C3AF-EFB6-425A-8543-ED062C9B04F2}.Release|Any CPU.ActiveCfg = Release|Any CPU
		{C9B3C3AF-EFB6-425A-8543-ED062C9B04F2}.Release|Any CPU.Build.0 = Release|Any CPU
		{C9B3C3AF-EFB6-425A-8543-ED062C9B04F2}.Release|x64.ActiveCfg = Release|Any CPU
		{C9B3C3AF-EFB6-425A-8543-ED062C9B04F2}.Release|x64.Build.0 = Release|Any CPU
		{C9B3C3AF-EFB6-425A-8543-ED062C9B04F2}.Release|x86.ActiveCfg = Release|Any CPU
		{C9B3C3AF-EFB6-425A-8543-ED062C9B04F2}.Release|x86.Build.0 = Release|Any CPU
	EndGlobalSection
	GlobalSection(NestedProjects) = preSolution
		{0AC80632-22D8-46CA-AEF8-8E12C2275930} = {8C2DE562-249D-4BF2-8D2C-132749238EDF}
		{C9B3C3AF-EFB6-425A-8543-ED062C9B04F2} = {328ACBE1-EB7E-4BD3-A8DA-6D00FF1FD036}
	EndGlobalSection
EndGlobal
